# THIS IS AN AUTOGENERATED FILE. DO NOT EDIT THIS FILE DIRECTLY.
# yarn lockfile v1


matter-js@^0.17.1:
  version "0.17.1"
  resolved "https://registry.yarnpkg.com/matter-js/-/matter-js-0.17.1.tgz#b30ac4c708116258fbcaacd2efd8a94e34a91c7f"
  integrity sha512-pSquoENJgvSAlQGcA0s5UkmEohGXZaUww2g3B6qG87x0iEcVf+aigMXn5UkFPdnh6w3B+C4vXSLaYqhHwKrOLA==
